
Microsoft Visual Studio Solution File, Format Version 12.00
# Visual Studio Version 16
VisualStudioVersion = 16.0.29905.134
MinimumVisualStudioVersion = 10.0.40219.1
Project("{FAE04EC0-301F-11D3-BF4B-00C04F79EFBC}") = "Server_Side", "Server_Side.csproj", "{BB7216F2-9C9A-41AE-B78D-AF1CF2A9EDB4}"
EndProject
Project("{FAE04EC0-301F-11D3-BF4B-00C04F79EFBC}") = "Client_Side", "..\Client_Side\Client_Side.csproj", "{4BDBF0AD-0B65-4C96-B902-649119BC60CD}"
EndProject
Global
	GlobalSection(SolutionConfigurationPlatforms) = preSolution
		Debug|Any CPU = Debug|Any CPU
		Release|Any CPU = Release|Any CPU
	EndGlobalSection
	GlobalSection(ProjectConfigurationPlatforms) = postSolution
		{BB7216F2-9C9A-41AE-B78D-AF1CF2A9EDB4}.Debug|Any CPU.ActiveCfg = Debug|Any CPU
		{BB7216F2-9C9A-41AE-B78D-AF1CF2A9EDB4}.Debug|Any CPU.Build.0 = Debug|Any CPU
		{BB7216F2-9C9A-41AE-B78D-AF1CF2A9EDB4}.Release|Any CPU.ActiveCfg = Release|Any CPU
		{BB7216F2-9C9A-41AE-B78D-AF1CF2A9EDB4}.Release|Any CPU.Build.0 = Release|Any CPU
		{4BDBF0AD-0B65-4C96-B902-649119BC60CD}.Debug|Any CPU.ActiveCfg = Debug|Any CPU
		{4BDBF0AD-0B65-4C96-B902-649119BC60CD}.Debug|Any CPU.Build.0 = Debug|Any CPU
		{4BDBF0AD-0B65-4C96-B902-649119BC60CD}.Release|Any CPU.ActiveCfg = Release|Any CPU
		{4BDBF0AD-0B65-4C96-B902-649119BC60CD}.Release|Any CPU.Build.0 = Release|Any CPU
	EndGlobalSection
	GlobalSection(SolutionProperties) = preSolution
		HideSolutionNode = FALSE
	EndGlobalSection
	GlobalSection(ExtensibilityGlobals) = postSolution
		SolutionGuid = {2EEF1C8C-A29B-445E-8F41-E397EDC79660}
	EndGlobalSection
EndGlobal
